
Microsoft Visual Studio Solution File, Format Version 12.00
# Visual Studio Version 16
VisualStudioVersion = 16.0.31702.278
MinimumVisualStudioVersion = 10.0.40219.1
Project("{9A19103F-16F7-4668-BE54-9A1E7A4F7556}") = "Vivero", "Vivero\Vivero.csproj", "{A080D9FF-9302-45B6-A2EE-35DD5E2E1878}"
EndProject
Global
	GlobalSection(SolutionConfigurationPlatforms) = preSolution
		Debug|Any CPU = Debug|Any CPU
		Release|Any CPU = Release|Any CPU
	EndGlobalSection
	GlobalSection(ProjectConfigurationPlatforms) = postSolution
		{A080D9FF-9302-45B6-A2EE-35DD5E2E1878}.Debug|Any CPU.ActiveCfg = Debug|Any CPU
		{A080D9FF-9302-45B6-A2EE-35DD5E2E1878}.Debug|Any CPU.Build.0 = Debug|Any CPU
		{A080D9FF-9302-45B6-A2EE-35DD5E2E1878}.Release|Any CPU.ActiveCfg = Release|Any CPU
		{A080D9FF-9302-45B6-A2EE-35DD5E2E1878}.Release|Any CPU.Build.0 = Release|Any CPU
	EndGlobalSection
	GlobalSection(SolutionProperties) = preSolution
		HideSolutionNode = FALSE
	EndGlobalSection
	GlobalSection(ExtensibilityGlobals) = postSolution
		SolutionGuid = {02E6D17B-4388-4806-B653-BC3F5EF1B41C}
	EndGlobalSection
EndGlobal
